// !$*UTF8*$!
{
	archiveVersion = 1;
	classes = {
	};
	objectVersion = 56;
	objects = {

/* Begin PBXBuildFile section */
		48121CC12A874F4400B8F272 /* FRUITSApp.swift in Sources */ = {isa = PBXBuildFile; fileRef = 48121CC02A874F4400B8F272 /* FRUITSApp.swift */; };
		48121CC32A874F4400B8F272 /* ContentView.swift in Sources */ = {isa = PBXBuildFile; fileRef = 48121CC22A874F4400B8F272 /* ContentView.swift */; };
		48121CC52A874F4600B8F272 /* Assets.xcassets in Resources */ = {isa = PBXBuildFile; fileRef = 48121CC42A874F4600B8F272 /* Assets.xcassets */; };
		48121CC82A874F4600B8F272 /* Preview Assets.xcassets in Resources */ = {isa = PBXBuildFile; fileRef = 48121CC72A874F4600B8F272 /* Preview Assets.xcassets */; };
		48121CD12A877A2300B8F272 /* FruitCardView.swift in Sources */ = {isa = PBXBuildFile; fileRef = 48121CD02A877A2300B8F272 /* FruitCardView.swift */; };
		48121CD42A877D4200B8F272 /* Color.swift in Sources */ = {isa = PBXBuildFile; fileRef = 48121CD32A877D4200B8F272 /* Color.swift */; };
		48121CD62A8780BE00B8F272 /* StartButtonView.swift in Sources */ = {isa = PBXBuildFile; fileRef = 48121CD52A8780BE00B8F272 /* StartButtonView.swift */; };
		48121CD82A8796A600B8F272 /* OnboardingView.swift in Sources */ = {isa = PBXBuildFile; fileRef = 48121CD72A8796A600B8F272 /* OnboardingView.swift */; };
		48121CDB2A87C72800B8F272 /* FruitModel.swift in Sources */ = {isa = PBXBuildFile; fileRef = 48121CDA2A87C72800B8F272 /* FruitModel.swift */; };
		48121CDE2A87C7C200B8F272 /* FruitData.swift in Sources */ = {isa = PBXBuildFile; fileRef = 48121CDD2A87C7C200B8F272 /* FruitData.swift */; };
		48121CE02A88A8FC00B8F272 /* FruitRowView.swift in Sources */ = {isa = PBXBuildFile; fileRef = 48121CDF2A88A8FC00B8F272 /* FruitRowView.swift */; };
		48121CE22A88B4BF00B8F272 /* FruitDetailView.swift in Sources */ = {isa = PBXBuildFile; fileRef = 48121CE12A88B4BF00B8F272 /* FruitDetailView.swift */; };
		48121CE42A88BBC500B8F272 /* FruitHeaderView.swift in Sources */ = {isa = PBXBuildFile; fileRef = 48121CE32A88BBC500B8F272 /* FruitHeaderView.swift */; };
		48121CE62A88CDF300B8F272 /* SourceLinkView.swift in Sources */ = {isa = PBXBuildFile; fileRef = 48121CE52A88CDF300B8F272 /* SourceLinkView.swift */; };
		48121CE82A88D01200B8F272 /* FruitNutrientsView.swift in Sources */ = {isa = PBXBuildFile; fileRef = 48121CE72A88D01200B8F272 /* FruitNutrientsView.swift */; };
		48121CEA2A88D57600B8F272 /* SettingsView.swift in Sources */ = {isa = PBXBuildFile; fileRef = 48121CE92A88D57600B8F272 /* SettingsView.swift */; };
		48121CEC2A88D99800B8F272 /* SettingsLabelView.swift in Sources */ = {isa = PBXBuildFile; fileRef = 48121CEB2A88D99800B8F272 /* SettingsLabelView.swift */; };
		48121CEE2A88DCB200B8F272 /* SettingsRowView.swift in Sources */ = {isa = PBXBuildFile; fileRef = 48121CED2A88DCB200B8F272 /* SettingsRowView.swift */; };
/* End PBXBuildFile section */

/* Begin PBXFileReference section */
		48121CBD2A874F4400B8F272 /* FRUITS.app */ = {isa = PBXFileReference; explicitFileType = wrapper.application; includeInIndex = 0; path = FRUITS.app; sourceTree = BUILT_PRODUCTS_DIR; };
		48121CC02A874F4400B8F272 /* FRUITSApp.swift */ = {isa = PBXFileReference; lastKnownFileType = sourcecode.swift; path = FRUITSApp.swift; sourceTree = "<group>"; };
		48121CC22A874F4400B8F272 /* ContentView.swift */ = {isa = PBXFileReference; lastKnownFileType = sourcecode.swift; path = ContentView.swift; sourceTree = "<group>"; };
		48121CC42A874F4600B8F272 /* Assets.xcassets */ = {isa = PBXFileReference; lastKnownFileType = folder.assetcatalog; path = Assets.xcassets; sourceTree = "<group>"; };
		48121CC72A874F4600B8F272 /* Preview Assets.xcassets */ = {isa = PBXFileReference; lastKnownFileType = folder.assetcatalog; path = "Preview Assets.xcassets"; sourceTree = "<group>"; };
		48121CD02A877A2300B8F272 /* FruitCardView.swift */ = {isa = PBXFileReference; lastKnownFileType = sourcecode.swift; path = FruitCardView.swift; sourceTree = "<group>"; };
		48121CD32A877D4200B8F272 /* Color.swift */ = {isa = PBXFileReference; lastKnownFileType = sourcecode.swift; path = Color.swift; sourceTree = "<group>"; };
		48121CD52A8780BE00B8F272 /* StartButtonView.swift */ = {isa = PBXFileReference; lastKnownFileType = sourcecode.swift; path = StartButtonView.swift; sourceTree = "<group>"; };
		48121CD72A8796A600B8F272 /* OnboardingView.swift */ = {isa = PBXFileReference; lastKnownFileType = sourcecode.swift; path = OnboardingView.swift; sourceTree = "<group>"; };
		48121CDA2A87C72800B8F272 /* FruitModel.swift */ = {isa = PBXFileReference; lastKnownFileType = sourcecode.swift; path = FruitModel.swift; sourceTree = "<group>"; };
		48121CDD2A87C7C200B8F272 /* FruitData.swift */ = {isa = PBXFileReference; lastKnownFileType = sourcecode.swift; path = FruitData.swift; sourceTree = "<group>"; };
		48121CDF2A88A8FC00B8F272 /* FruitRowView.swift */ = {isa = PBXFileReference; lastKnownFileType = sourcecode.swift; path = FruitRowView.swift; sourceTree = "<group>"; };
		48121CE12A88B4BF00B8F272 /* FruitDetailView.swift */ = {isa = PBXFileReference; lastKnownFileType = sourcecode.swift; path = FruitDetailView.swift; sourceTree = "<group>"; };
		48121CE32A88BBC500B8F272 /* FruitHeaderView.swift */ = {isa = PBXFileReference; lastKnownFileType = sourcecode.swift; path = FruitHeaderView.swift; sourceTree = "<group>"; };
		48121CE52A88CDF300B8F272 /* SourceLinkView.swift */ = {isa = PBXFileReference; lastKnownFileType = sourcecode.swift; path = SourceLinkView.swift; sourceTree = "<group>"; };
		48121CE72A88D01200B8F272 /* FruitNutrientsView.swift */ = {isa = PBXFileReference; lastKnownFileType = sourcecode.swift; path = FruitNutrientsView.swift; sourceTree = "<group>"; };
		48121CE92A88D57600B8F272 /* SettingsView.swift */ = {isa = PBXFileReference; lastKnownFileType = sourcecode.swift; path = SettingsView.swift; sourceTree = "<group>"; };
		48121CEB2A88D99800B8F272 /* SettingsLabelView.swift */ = {isa = PBXFileReference; lastKnownFileType = sourcecode.swift; path = SettingsLabelView.swift; sourceTree = "<group>"; };
		48121CED2A88DCB200B8F272 /* SettingsRowView.swift */ = {isa = PBXFileReference; lastKnownFileType = sourcecode.swift; path = SettingsRowView.swift; sourceTree = "<group>"; };
/* End PBXFileReference section */

/* Begin PBXFrameworksBuildPhase section */
		48121CBA2A874F4400B8F272 /* Frameworks */ = {
			isa = PBXFrameworksBuildPhase;
			buildActionMask = 2147483647;
			files = (
			);
			runOnlyForDeploymentPostprocessing = 0;
		};
/* End PBXFrameworksBuildPhase section */

/* Begin PBXGroup section */
		48121CB42A874F4400B8F272 = {
			isa = PBXGroup;
			children = (
				48121CBF2A874F4400B8F272 /* FRUITS */,
				48121CBE2A874F4400B8F272 /* Products */,
			);
			sourceTree = "<group>";
		};
		48121CBE2A874F4400B8F272 /* Products */ = {
			isa = PBXGroup;
			children = (
				48121CBD2A874F4400B8F272 /* FRUITS.app */,
			);
			name = Products;
			sourceTree = "<group>";
		};
		48121CBF2A874F4400B8F272 /* FRUITS */ = {
			isa = PBXGroup;
			children = (
				48121CCE2A8779B900B8F272 /* App */,
				48121CCF2A8779EF00B8F272 /* View */,
				48121CDC2A87C7B500B8F272 /* Data */,
				48121CD92A87C5B600B8F272 /* Model */,
				48121CD22A877D3600B8F272 /* Extensions */,
				48121CC42A874F4600B8F272 /* Assets.xcassets */,
				48121CC62A874F4600B8F272 /* Preview Content */,
			);
			path = FRUITS;
			sourceTree = "<group>";
		};
		48121CC62A874F4600B8F272 /* Preview Content */ = {
			isa = PBXGroup;
			children = (
				48121CC72A874F4600B8F272 /* Preview Assets.xcassets */,
			);
			path = "Preview Content";
			sourceTree = "<group>";
		};
		48121CCE2A8779B900B8F272 /* App */ = {
			isa = PBXGroup;
			children = (
				48121CC02A874F4400B8F272 /* FRUITSApp.swift */,
				48121CC22A874F4400B8F272 /* ContentView.swift */,
				48121CD72A8796A600B8F272 /* OnboardingView.swift */,
				48121CE12A88B4BF00B8F272 /* FruitDetailView.swift */,
				48121CE92A88D57600B8F272 /* SettingsView.swift */,
			);
			path = App;
			sourceTree = "<group>";
		};
		48121CCF2A8779EF00B8F272 /* View */ = {
			isa = PBXGroup;
			children = (
				48121CD02A877A2300B8F272 /* FruitCardView.swift */,
				48121CD52A8780BE00B8F272 /* StartButtonView.swift */,
				48121CDF2A88A8FC00B8F272 /* FruitRowView.swift */,
				48121CE32A88BBC500B8F272 /* FruitHeaderView.swift */,
				48121CE52A88CDF300B8F272 /* SourceLinkView.swift */,
				48121CE72A88D01200B8F272 /* FruitNutrientsView.swift */,
				48121CEB2A88D99800B8F272 /* SettingsLabelView.swift */,
				48121CED2A88DCB200B8F272 /* SettingsRowView.swift */,
			);
			path = View;
			sourceTree = "<group>";
		};
		48121CD22A877D3600B8F272 /* Extensions */ = {
			isa = PBXGroup;
			children = (
				48121CD32A877D4200B8F272 /* Color.swift */,
			);
			path = Extensions;
			sourceTree = "<group>";
		};
		48121CD92A87C5B600B8F272 /* Model */ = {
			isa = PBXGroup;
			children = (
				48121CDA2A87C72800B8F272 /* FruitModel.swift */,
			);
			path = Model;
			sourceTree = "<group>";
		};
		48121CDC2A87C7B500B8F272 /* Data */ = {
			isa = PBXGroup;
			children = (
				48121CDD2A87C7C200B8F272 /* FruitData.swift */,
			);
			path = Data;
			sourceTree = "<group>";
		};
/* End PBXGroup section */

/* Begin PBXNativeTarget section */
		48121CBC2A874F4400B8F272 /* FRUITS */ = {
			isa = PBXNativeTarget;
			buildConfigurationList = 48121CCB2A874F4600B8F272 /* Build configuration list for PBXNativeTarget "FRUITS" */;
			buildPhases = (
				48121CB92A874F4400B8F272 /* Sources */,
				48121CBA2A874F4400B8F272 /* Frameworks */,
				48121CBB2A874F4400B8F272 /* Resources */,
			);
			buildRules = (
			);
			dependencies = (
			);
			name = FRUITS;
			productName = FRUITS;
			productReference = 48121CBD2A874F4400B8F272 /* FRUITS.app */;
			productType = "com.apple.product-type.application";
		};
/* End PBXNativeTarget section */

/* Begin PBXProject section */
		48121CB52A874F4400B8F272 /* Project object */ = {
			isa = PBXProject;
			attributes = {
				BuildIndependentTargetsInParallel = 1;
				LastSwiftUpdateCheck = 1430;
				LastUpgradeCheck = 1430;
				TargetAttributes = {
					48121CBC2A874F4400B8F272 = {
						CreatedOnToolsVersion = 14.3;
					};
				};
			};
			buildConfigurationList = 48121CB82A874F4400B8F272 /* Build configuration list for PBXProject "FRUITS" */;
			compatibilityVersion = "Xcode 14.0";
			developmentRegion = en;
			hasScannedForEncodings = 0;
			knownRegions = (
				en,
				Base,
			);
			mainGroup = 48121CB42A874F4400B8F272;
			productRefGroup = 48121CBE2A874F4400B8F272 /* Products */;
			projectDirPath = "";
			projectRoot = "";
			targets = (
				48121CBC2A874F4400B8F272 /* FRUITS */,
			);
		};
/* End PBXProject section */

/* Begin PBXResourcesBuildPhase section */
		48121CBB2A874F4400B8F272 /* Resources */ = {
			isa = PBXResourcesBuildPhase;
			buildActionMask = 2147483647;
			files = (
				48121CC82A874F4600B8F272 /* Preview Assets.xcassets in Resources */,
				48121CC52A874F4600B8F272 /* Assets.xcassets in Resources */,
			);
			runOnlyForDeploymentPostprocessing = 0;
		};
/* End PBXResourcesBuildPhase section */

/* Begin PBXSourcesBuildPhase section */
		48121CB92A874F4400B8F272 /* Sources */ = {
			isa = PBXSourcesBuildPhase;
			buildActionMask = 2147483647;
			files = (
				48121CD12A877A2300B8F272 /* FruitCardView.swift in Sources */,
				48121CDB2A87C72800B8F272 /* FruitModel.swift in Sources */,
				48121CE22A88B4BF00B8F272 /* FruitDetailView.swift in Sources */,
				48121CEA2A88D57600B8F272 /* SettingsView.swift in Sources */,
				48121CE82A88D01200B8F272 /* FruitNutrientsView.swift in Sources */,
				48121CE02A88A8FC00B8F272 /* FruitRowView.swift in Sources */,
				48121CD42A877D4200B8F272 /* Color.swift in Sources */,
				48121CC32A874F4400B8F272 /* ContentView.swift in Sources */,
				48121CD82A8796A600B8F272 /* OnboardingView.swift in Sources */,
				48121CE42A88BBC500B8F272 /* FruitHeaderView.swift in Sources */,
				48121CD62A8780BE00B8F272 /* StartButtonView.swift in Sources */,
				48121CEE2A88DCB200B8F272 /* SettingsRowView.swift in Sources */,
				48121CE62A88CDF300B8F272 /* SourceLinkView.swift in Sources */,
				48121CEC2A88D99800B8F272 /* SettingsLabelView.swift in Sources */,
				48121CDE2A87C7C200B8F272 /* FruitData.swift in Sources */,
				48121CC12A874F4400B8F272 /* FRUITSApp.swift in Sources */,
			);
			runOnlyForDeploymentPostprocessing = 0;
		};
/* End PBXSourcesBuildPhase section */

/* Begin XCBuildConfiguration section */
		48121CC92A874F4600B8F272 /* Debug */ = {
			isa = XCBuildConfiguration;
			buildSettings = {
				ALWAYS_SEARCH_USER_PATHS = NO;
				CLANG_ANALYZER_NONNULL = YES;
				CLANG_ANALYZER_NUMBER_OBJECT_CONVERSION = YES_AGGRESSIVE;
				CLANG_CXX_LANGUAGE_STANDARD = "gnu++20";
				CLANG_ENABLE_MODULES = YES;
				CLANG_ENABLE_OBJC_ARC = YES;
				CLANG_ENABLE_OBJC_WEAK = YES;
				CLANG_WARN_BLOCK_CAPTURE_AUTORELEASING = YES;
				CLANG_WARN_BOOL_CONVERSION = YES;
				CLANG_WARN_COMMA = YES;
				CLANG_WARN_CONSTANT_CONVERSION = YES;
				CLANG_WARN_DEPRECATED_OBJC_IMPLEMENTATIONS = YES;
				CLANG_WARN_DIRECT_OBJC_ISA_USAGE = YES_ERROR;
				CLANG_WARN_DOCUMENTATION_COMMENTS = YES;
				CLANG_WARN_EMPTY_BODY = YES;
				CLANG_WARN_ENUM_CONVERSION = YES;
				CLANG_WARN_INFINITE_RECURSION = YES;
				CLANG_WARN_INT_CONVERSION = YES;
				CLANG_WARN_NON_LITERAL_NULL_CONVERSION = YES;
				CLANG_WARN_OBJC_IMPLICIT_RETAIN_SELF = YES;
				CLANG_WARN_OBJC_LITERAL_CONVERSION = YES;
				CLANG_WARN_OBJC_ROOT_CLASS = YES_ERROR;
				CLANG_WARN_QUOTED_INCLUDE_IN_FRAMEWORK_HEADER = YES;
				CLANG_WARN_RANGE_LOOP_ANALYSIS = YES;
				CLANG_WARN_STRICT_PROTOTYPES = YES;
				CLANG_WARN_SUSPICIOUS_MOVE = YES;
				CLANG_WARN_UNGUARDED_AVAILABILITY = YES_AGGRESSIVE;
				CLANG_WARN_UNREACHABLE_CODE = YES;
				CLANG_WARN__DUPLICATE_METHOD_MATCH = YES;
				COPY_PHASE_STRIP = NO;
				DEBUG_INFORMATION_FORMAT = dwarf;
				ENABLE_STRICT_OBJC_MSGSEND = YES;
				ENABLE_TESTABILITY = YES;
				GCC_C_LANGUAGE_STANDARD = gnu11;
				GCC_DYNAMIC_NO_PIC = NO;
				GCC_NO_COMMON_BLOCKS = YES;
				GCC_OPTIMIZATION_LEVEL = 0;
				GCC_PREPROCESSOR_DEFINITIONS = (
					"DEBUG=1",
					"$(inherited)",
				);
				GCC_WARN_64_TO_32_BIT_CONVERSION = YES;
				GCC_WARN_ABOUT_RETURN_TYPE = YES_ERROR;
				GCC_WARN_UNDECLARED_SELECTOR = YES;
				GCC_WARN_UNINITIALIZED_AUTOS = YES_AGGRESSIVE;
				GCC_WARN_UNUSED_FUNCTION = YES;
				GCC_WARN_UNUSED_VARIABLE = YES;
				IPHONEOS_DEPLOYMENT_TARGET = 16.4;
				MTL_ENABLE_DEBUG_INFO = INCLUDE_SOURCE;
				MTL_FAST_MATH = YES;
				ONLY_ACTIVE_ARCH = YES;
				SDKROOT = iphoneos;
				SWIFT_ACTIVE_COMPILATION_CONDITIONS = DEBUG;
				SWIFT_OPTIMIZATION_LEVEL = "-Onone";
			};
			name = Debug;
		};
		48121CCA2A874F4600B8F272 /* Release */ = {
			isa = XCBuildConfiguration;
			buildSettings = {
				ALWAYS_SEARCH_USER_PATHS = NO;
				CLANG_ANALYZER_NONNULL = YES;
				CLANG_ANALYZER_NUMBER_OBJECT_CONVERSION = YES_AGGRESSIVE;
				CLANG_CXX_LANGUAGE_STANDARD = "gnu++20";
				CLANG_ENABLE_MODULES = YES;
				CLANG_ENABLE_OBJC_ARC = YES;
				CLANG_ENABLE_OBJC_WEAK = YES;
				CLANG_WARN_BLOCK_CAPTURE_AUTORELEASING = YES;
				CLANG_WARN_BOOL_CONVERSION = YES;
				CLANG_WARN_COMMA = YES;
				CLANG_WARN_CONSTANT_CONVERSION = YES;
				CLANG_WARN_DEPRECATED_OBJC_IMPLEMENTATIONS = YES;
				CLANG_WARN_DIRECT_OBJC_ISA_USAGE = YES_ERROR;
				CLANG_WARN_DOCUMENTATION_COMMENTS = YES;
				CLANG_WARN_EMPTY_BODY = YES;
				CLANG_WARN_ENUM_CONVERSION = YES;
				CLANG_WARN_INFINITE_RECURSION = YES;
				CLANG_WARN_INT_CONVERSION = YES;
				CLANG_WARN_NON_LITERAL_NULL_CONVERSION = YES;
				CLANG_WARN_OBJC_IMPLICIT_RETAIN_SELF = YES;
				CLANG_WARN_OBJC_LITERAL_CONVERSION = YES;
				CLANG_WARN_OBJC_ROOT_CLASS = YES_ERROR;
				CLANG_WARN_QUOTED_INCLUDE_IN_FRAMEWORK_HEADER = YES;
				CLANG_WARN_RANGE_LOOP_ANALYSIS = YES;
				CLANG_WARN_STRICT_PROTOTYPES = YES;
				CLANG_WARN_SUSPICIOUS_MOVE = YES;
				CLANG_WARN_UNGUARDED_AVAILABILITY = YES_AGGRESSIVE;
				CLANG_WARN_UNREACHABLE_CODE = YES;
				CLANG_WARN__DUPLICATE_METHOD_MATCH = YES;
				COPY_PHASE_STRIP = NO;
				DEBUG_INFORMATION_FORMAT = "dwarf-with-dsym";
				ENABLE_NS_ASSERTIONS = NO;
				ENABLE_STRICT_OBJC_MSGSEND = YES;
				GCC_C_LANGUAGE_STANDARD = gnu11;
				GCC_NO_COMMON_BLOCKS = YES;
				GCC_WARN_64_TO_32_BIT_CONVERSION = YES;
				GCC_WARN_ABOUT_RETURN_TYPE = YES_ERROR;
				GCC_WARN_UNDECLARED_SELECTOR = YES;
				GCC_WARN_UNINITIALIZED_AUTOS = YES_AGGRESSIVE;
				GCC_WARN_UNUSED_FUNCTION = YES;
				GCC_WARN_UNUSED_VARIABLE = YES;
				IPHONEOS_DEPLOYMENT_TARGET = 16.4;
				MTL_ENABLE_DEBUG_INFO = NO;
				MTL_FAST_MATH = YES;
				SDKROOT = iphoneos;
				SWIFT_COMPILATION_MODE = wholemodule;
				SWIFT_OPTIMIZATION_LEVEL = "-O";
				VALIDATE_PRODUCT = YES;
			};
			name = Release;
		};
		48121CCC2A874F4600B8F272 /* Debug */ = {
			isa = XCBuildConfiguration;
			buildSettings = {
				ASSETCATALOG_COMPILER_APPICON_NAME = AppIcon;
				ASSETCATALOG_COMPILER_GLOBAL_ACCENT_COLOR_NAME = AccentColor;
				CODE_SIGN_STYLE = Automatic;
				CURRENT_PROJECT_VERSION = 1;
				DEVELOPMENT_ASSET_PATHS = "\"FRUITS/Preview Content\"";
				DEVELOPMENT_TEAM = X4KH384637;
				ENABLE_PREVIEWS = YES;
				GENERATE_INFOPLIST_FILE = YES;
				INFOPLIST_KEY_UIApplicationSceneManifest_Generation = YES;
				INFOPLIST_KEY_UIApplicationSupportsIndirectInputEvents = YES;
				INFOPLIST_KEY_UILaunchScreen_Generation = YES;
				INFOPLIST_KEY_UISupportedInterfaceOrientations_iPad = "UIInterfaceOrientationPortrait UIInterfaceOrientationPortraitUpsideDown UIInterfaceOrientationLandscapeLeft UIInterfaceOrientationLandscapeRight";
				INFOPLIST_KEY_UISupportedInterfaceOrientations_iPhone = "UIInterfaceOrientationPortrait UIInterfaceOrientationLandscapeLeft UIInterfaceOrientationLandscapeRight";
				LD_RUNPATH_SEARCH_PATHS = (
					"$(inherited)",
					"@executable_path/Frameworks",
				);
				MARKETING_VERSION = 1.0;
				PRODUCT_BUNDLE_IDENTIFIER = com.appkuff.FRUITS;
				PRODUCT_NAME = "$(TARGET_NAME)";
				SWIFT_EMIT_LOC_STRINGS = YES;
				SWIFT_VERSION = 5.0;
				TARGETED_DEVICE_FAMILY = "1,2";
			};
			name = Debug;
		};
		48121CCD2A874F4600B8F272 /* Release */ = {
			isa = XCBuildConfiguration;
			buildSettings = {
				ASSETCATALOG_COMPILER_APPICON_NAME = AppIcon;
				ASSETCATALOG_COMPILER_GLOBAL_ACCENT_COLOR_NAME = AccentColor;
				CODE_SIGN_STYLE = Automatic;
				CURRENT_PROJECT_VERSION = 1;
				DEVELOPMENT_ASSET_PATHS = "\"FRUITS/Preview Content\"";
				DEVELOPMENT_TEAM = X4KH384637;
				ENABLE_PREVIEWS = YES;
				GENERATE_INFOPLIST_FILE = YES;
				INFOPLIST_KEY_UIApplicationSceneManifest_Generation = YES;
				INFOPLIST_KEY_UIApplicationSupportsIndirectInputEvents = YES;
				INFOPLIST_KEY_UILaunchScreen_Generation = YES;
				INFOPLIST_KEY_UISupportedInterfaceOrientations_iPad = "UIInterfaceOrientationPortrait UIInterfaceOrientationPortraitUpsideDown UIInterfaceOrientationLandscapeLeft UIInterfaceOrientationLandscapeRight";
				INFOPLIST_KEY_UISupportedInterfaceOrientations_iPhone = "UIInterfaceOrientationPortrait UIInterfaceOrientationLandscapeLeft UIInterfaceOrientationLandscapeRight";
				LD_RUNPATH_SEARCH_PATHS = (
					"$(inherited)",
					"@executable_path/Frameworks",
				);
				MARKETING_VERSION = 1.0;
				PRODUCT_BUNDLE_IDENTIFIER = com.appkuff.FRUITS;
				PRODUCT_NAME = "$(TARGET_NAME)";
				SWIFT_EMIT_LOC_STRINGS = YES;
				SWIFT_VERSION = 5.0;
				TARGETED_DEVICE_FAMILY = "1,2";
			};
			name = Release;
		};
/* End XCBuildConfiguration section */

/* Begin XCConfigurationList section */
		48121CB82A874F4400B8F272 /* Build configuration list for PBXProject "FRUITS" */ = {
			isa = XCConfigurationList;
			buildConfigurations = (
				48121CC92A874F4600B8F272 /* Debug */,
				48121CCA2A874F4600B8F272 /* Release */,
			);
			defaultConfigurationIsVisible = 0;
			defaultConfigurationName = Release;
		};
		48121CCB2A874F4600B8F272 /* Build configuration list for PBXNativeTarget "FRUITS" */ = {
			isa = XCConfigurationList;
			buildConfigurations = (
				48121CCC2A874F4600B8F272 /* Debug */,
				48121CCD2A874F4600B8F272 /* Release */,
			);
			defaultConfigurationIsVisible = 0;
			defaultConfigurationName = Release;
		};
/* End XCConfigurationList section */
	};
	rootObject = 48121CB52A874F4400B8F272 /* Project object */;
}
